# This file is automatically @generated by Poetry 1.7.1 and should not be changed by hand.

[[package]]
name = "colorama"
version = "0.4.6"
description = "Cross-platform colored terminal text."
optional = false
python-versions = "!=3.0.*,!=3.1.*,!=3.2.*,!=3.3.*,!=3.4.*,!=3.5.*,!=3.6.*,>=2.7"
files = [
    {file = "colorama-0.4.6-py2.py3-none-any.whl", hash = "sha256:4f1d9991f5acc0ca119f9d443620b77f9d6b33703e51011c16baf57afb285fc6"},
    {file = "colorama-0.4.6.tar.gz", hash = "sha256:08695f5cb7ed6e0531a20572697297273c47b8cae5a63ffc6d6ed5c201be6e44"},
]

[[package]]
name = "exceptiongroup"
version = "1.2.0"
description = "Backport of PEP 654 (exception groups)"
optional = false
python-versions = ">=3.7"
files = [
    {file = "exceptiongroup-1.2.0-py3-none-any.whl", hash = "sha256:4bfd3996ac73b41e9b9628b04e079f193850720ea5945fc96a08633c66912f14"},
    {file = "exceptiongroup-1.2.0.tar.gz", hash = "sha256:91f5c769735f051a4290d52edd0858999b57e5876e9f85937691bd4c9fa3ed68"},
]

[package.extras]
test = ["pytest (>=6)"]

[[package]]
name = "gdal"
version = "3.4.0"
description = "GDAL: Geospatial Data Abstraction Library"
optional = false
python-versions = ">=3.6.0"
files = [
    {file = "GDAL-3.4.0.tar.gz", hash = "sha256:05c92a0fd262a9600bc6f896485e7f5f575f354957847ceb9fed7c1c616c189e"},
]

[package.extras]
numpy = ["numpy (>1.0.0)"]

[[package]]
name = "iniconfig"
version = "2.0.0"
description = "brain-dead simple config-ini parsing"
optional = false
python-versions = ">=3.7"
files = [
    {file = "iniconfig-2.0.0-py3-none-any.whl", hash = "sha256:b6a85871a79d2e3b22d2d1b94ac2824226a63c6b741c88f7ae975f18b6778374"},
    {file = "iniconfig-2.0.0.tar.gz", hash = "sha256:2d91e135bf72d31a410b17c16da610a82cb55f6b0477d1a902134b24a455b8b3"},
]

[[package]]
name = "lanelet2"
version = "1.2.1"
description = "Map handling framework for automated driving."
optional = false
python-versions = "*"
files = [
    {file = "lanelet2-1.2.1-cp310-cp310-manylinux_2_31_x86_64.whl", hash = "sha256:2ed515c4e0fdfb341f1858d1ca4fa64829c9c6d440fd323acc9420b914ea0621"},
    {file = "lanelet2-1.2.1-cp311-cp311-manylinux_2_31_x86_64.whl", hash = "sha256:c06bfca859b1454da9799f33091a3e1cb72ee195fb893dd2b30f9ca733e35381"},
    {file = "lanelet2-1.2.1-cp38-cp38-manylinux_2_27_x86_64.whl", hash = "sha256:6b1647511e512ae588edeb1607f14f098bae3163d4fe215930b9f3ccd8e85c9a"},
    {file = "lanelet2-1.2.1-cp39-cp39-manylinux_2_27_x86_64.whl", hash = "sha256:7658f5e0254652f70b70c76af2a1d837a4a645a0675525fb4485d2cd8e15a627"},
]

[[package]]
name = "lark"
version = "0.11.3"
description = "a modern parsing library"
optional = false
python-versions = "*"
files = [
    {file = "lark-0.11.3.tar.gz", hash = "sha256:3100d9749b5a85735ec428b83100876a5da664804579e729c23a36341f961e7e"},
]

[package.extras]
atomic-cache = ["atomicwrites"]
nearley = ["js2py"]
regex = ["regex"]

[[package]]
name = "mgrs"
version = "1.4.6"
description = "MGRS coordinate conversion for Python"
optional = false
python-versions = "*"
files = [
    {file = "mgrs-1.4.6-cp310-cp310-macosx_10_9_x86_64.whl", hash = "sha256:5c723a59d08e184018ab673ffc009bb8725d7e147d80dc686c122cf6779c9f29"},
    {file = "mgrs-1.4.6-cp310-cp310-macosx_11_0_arm64.whl", hash = "sha256:23bc65fe870f905e16c36b26874c9d12c529662d12ffad128b06da595f2f9dac"},
    {file = "mgrs-1.4.6-cp310-cp310-manylinux_2_12_i686.manylinux2010_i686.manylinux_2_17_i686.manylinux2014_i686.whl", hash = "sha256:f1179dc9cc585de73e719492d0bdda9bc340a5361aea8c75dbbfa2785928dc9a"},
    {file = "mgrs-1.4.6-cp310-cp310-manylinux_2_12_x86_64.manylinux2010_x86_64.manylinux_2_17_x86_64.manylinux2014_x86_64.whl", hash = "sha256:de12498a6ac06c59ba724223208aff786154c4efc1ea31ce62d6352e9ecf4c9b"},
    {file = "mgrs-1.4.6-cp310-cp310-manylinux_2_17_aarch64.manylinux2014_aarch64.whl", hash = "sha256:002568c145b0da9330314b17846b5d424131c5ffad5137951d6eb7eadd4d53be"},
    {file = "mgrs-1.4.6-cp310-cp310-musllinux_1_1_aarch64.whl", hash = "sha256:d16cbbf940027f8a7318f9a7afb801887b0915f61353ca6f8f085911caa7b56e"},
    {file = "mgrs-1.4.6-cp310-cp310-musllinux_1_1_i686.whl", hash = "sha256:b1f42cf21e3f343ac8c1e3e7349f17843622ce4d63381a9a96d6813f6f59da84"},
    {file = "mgrs-1.4.6-cp310-cp310-musllinux_1_1_x86_64.whl", hash = "sha256:876f6e4de1dd744591a56417bfa1afb77935d7d38fc27cb36c3387f70eed6c31"},
    {file = "mgrs-1.4.6-cp310-cp310-win_amd64.whl", hash = "sha256:1be211a198faf6a12993926e1f292166ab40601c07b70827b0d90ae55b4fa4fe"},
    {file = "mgrs-1.4.6-cp311-cp311-macosx_10_9_x86_64.whl", hash = "sha256:3f2369bb545a598b1e75261cf79823f0daf0d6842c7df036d389bb832a2bcc83"},
    {file = "mgrs-1.4.6-cp311-cp311-macosx_11_0_arm64.whl", hash = "sha256:ebb8aefde8266d15038471d82c1bd91c8fcbe36e6eb5d05560bc475008bbd2b0"},
    {file = "mgrs-1.4.6-cp311-cp311-manylinux_2_12_i686.manylinux2010_i686.manylinux_2_17_i686.manylinux2014_i686.whl", hash = "sha256:01a2336e143345b9f6c8eef08759aa5aefd5c1f12d9775315ed4d91d71d5d04a"},
    {file = "mgrs-1.4.6-cp311-cp311-manylinux_2_12_x86_64.manylinux2010_x86_64.manylinux_2_17_x86_64.manylinux2014_x86_64.whl", hash = "sha256:37f850fde242095c6ecec6f5697320cbec6baa058f1f06ef2045882aa697cdd7"},
    {file = "mgrs-1.4.6-cp311-cp311-manylinux_2_17_aarch64.manylinux2014_aarch64.whl", hash = "sha256:e4fad0cee7e86ff67ecaeed13fb039adbad20dab423c82c3a48814b9512a2b44"},
    {file = "mgrs-1.4.6-cp311-cp311-musllinux_1_1_aarch64.whl", hash = "sha256:339ca001cfbb3c0fa4aae5c63a3505670d1209088e400b40041a84321ef29792"},
    {file = "mgrs-1.4.6-cp311-cp311-musllinux_1_1_i686.whl", hash = "sha256:ac7e7cb67bb2d4dc719529b9a5b6383f1ac958d1766036f43a06271b6fb32502"},
    {file = "mgrs-1.4.6-cp311-cp311-musllinux_1_1_x86_64.whl", hash = "sha256:b79bb9b235888afd711c733dfa62d90ae698feff5eda082c9f8938ff50fb2071"},
    {file = "mgrs-1.4.6-cp311-cp311-win_amd64.whl", hash = "sha256:40b576b91e8509ba541a6b17cdee570677685d2eab706ce4a8129fd55ed1208c"},
    {file = "mgrs-1.4.6-cp312-cp312-macosx_10_9_x86_64.whl", hash = "sha256:ea0dbea6e32fa5aa3d666046fb2c75e35a853597d27dda0381450863da9d814b"},
    {file = "mgrs-1.4.6-cp312-cp312-macosx_11_0_arm64.whl", hash = "sha256:cb3d3ed7b62b09b5b374f7734bcc29e98727df7d439bb9d5840c694ed40f0cb1"},
    {file = "mgrs-1.4.6-cp312-cp312-manylinux_2_12_i686.manylinux2010_i686.manylinux_2_17_i686.manylinux2014_i686.whl", hash = "sha256:d5cac1f0241f95e87a1bccf64875132775d35f34a42ec7e77edc051210a45c6e"},
    {file = "mgrs-1.4.6-cp312-cp312-manylinux_2_12_x86_64.manylinux2010_x86_64.manylinux_2_17_x86_64.manylinux2014_x86_64.whl", hash = "sha256:069629f7af6838bdac0496d6c99d1eb8babfdd65ebcb4a8f9fa93d66225e4567"},
    {file = "mgrs-1.4.6-cp312-cp312-manylinux_2_17_aarch64.manylinux2014_aarch64.whl", hash = "sha256:e4a06aeff6195d2a2b9b127d7731829728189927a1e5464bed3f69946d4f7ab9"},
    {file = "mgrs-1.4.6-cp312-cp312-musllinux_1_1_aarch64.whl", hash = "sha256:a2f2c928436be3a7e3409dae9be29f0d74abdbc43556b250a74155cf93d750d0"},
    {file = "mgrs-1.4.6-cp312-cp312-musllinux_1_1_i686.whl", hash = "sha256:08b587ba3e54f91bde1579ba78e35068815abc026ccde80b26ba90c4755ffa73"},
    {file = "mgrs-1.4.6-cp312-cp312-musllinux_1_1_x86_64.whl", hash = "sha256:671ae65f68bc3ddb899cc41bcbcbb1cf126ab474ea6a71087f6bdcc350bc223c"},
    {file = "mgrs-1.4.6-cp312-cp312-win_amd64.whl", hash = "sha256:34fe8e66e2c85ee638605d0b21a73413f9c78af14c3345aef3d3fadba6975ad9"},
    {file = "mgrs-1.4.6-cp36-cp36m-macosx_10_9_x86_64.whl", hash = "sha256:536b4f5d244eafcbcb1f77a2a8f02b04a4fbe1a2157986c7e28a24ca75d2711b"},
    {file = "mgrs-1.4.6-cp36-cp36m-manylinux_2_12_i686.manylinux2010_i686.manylinux_2_17_i686.manylinux2014_i686.whl", hash = "sha256:7300384809cc9d5cdbdb7a0b853f2ad8511a1d4f38539ac361c885fdee26d3c8"},
    {file = "mgrs-1.4.6-cp36-cp36m-manylinux_2_12_x86_64.manylinux2010_x86_64.manylinux_2_17_x86_64.manylinux2014_x86_64.whl", hash = "sha256:7711d254422851ed595c264477411ee232780c34c3523ba2d8a7796682879855"},
    {file = "mgrs-1.4.6-cp36-cp36m-musllinux_1_1_i686.whl", hash = "sha256:bbfc150e751fb4cc000f3da55f2a50c591395a3548e9420e33e34c29d244e41c"},
    {file = "mgrs-1.4.6-cp36-cp36m-musllinux_1_1_x86_64.whl", hash = "sha256:38861057e5f72970f31400ee54b29dc5128444aa3edd2581a1e7285ebee60a94"},
    {file = "mgrs-1.4.6-cp36-cp36m-win_amd64.whl", hash = "sha256:67f52ffde8d269d843297f470ef47d18e368b623e123f58705f30349daea2f65"},
    {file = "mgrs-1.4.6-cp37-cp37m-macosx_10_9_x86_64.whl", hash = "sha256:fad4685a06e6b1cec680373c02d0966fb2d11efbbda2b42a916f7ad6134d1662"},
    {file = "mgrs-1.4.6-cp37-cp37m-manylinux_2_12_i686.manylinux2010_i686.manylinux_2_17_i686.manylinux2014_i686.whl", hash = "sha256:841bdcaa1017069d38b72b4ed8f398d9c2a77dd4715c1ba90921109554e9aac7"},
    {file = "mgrs-1.4.6-cp37-cp37m-manylinux_2_12_x86_64.manylinux2010_x86_64.manylinux_2_17_x86_64.manylinux2014_x86_64.whl", hash = "sha256:a4c3a702b44f84afc23ca5cb52f2a5530b859dd224119f55a7417e502bbc180c"},
    {file = "mgrs-1.4.6-cp37-cp37m-musllinux_1_1_i686.whl", hash = "sha256:532b4e4de91b04876a0a769e775dd1a8c5f4c93e0dc7647eea8e29c76d7e5477"},
    {file = "mgrs-1.4.6-cp37-cp37m-musllinux_1_1_x86_64.whl", hash = "sha256:6ec13977408e9dd4af4aefd53853a5b697f52e62f65ea7213ee9d8947bda561b"},
    {file = "mgrs-1.4.6-cp37-cp37m-win_amd64.whl", hash = "sha256:afcdea7da43602b78271bb5896db2b5279c6f397e7a8d58a2e03f75de77c66ac"},
    {file = "mgrs-1.4.6-cp38-cp38-macosx_10_9_x86_64.whl", hash = "sha256:4e593ad33bb63ec6f36480f4eb3b1549d6a58eb6d55c18d1e5f7a46b609c6e70"},
    {file = "mgrs-1.4.6-cp38-cp38-macosx_11_0_arm64.whl", hash = "sha256:3ce945f7a9a43022b8ef858143580904455c550ff5094b4486d0569c6f7d74d2"},
    {file = "mgrs-1.4.6-cp38-cp38-manylinux_2_12_i686.manylinux2010_i686.manylinux_2_17_i686.manylinux2014_i686.whl", hash = "sha256:b3be07c2edb89b0fb5e234e1aa84f7f3bef219daded3d759ad438e53e8fc4453"},
    {file = "mgrs-1.4.6-cp38-cp38-manylinux_2_12_x86_64.manylinux2010_x86_64.manylinux_2_17_x86_64.manylinux2014_x86_64.whl", hash = "sha256:7b944dbdbfaa312105899ba0e546e6d7364581243129023839c55ba2c0fa63fa"},
    {file = "mgrs-1.4.6-cp38-cp38-musllinux_1_1_i686.whl", hash = "sha256:da2049d664b63df7a379eac99319739c4da83496795d4fc71788dfd387a8b7b9"},
    {file = "mgrs-1.4.6-cp38-cp38-musllinux_1_1_x86_64.whl", hash = "sha256:5933cdc53efd78f9024741660890485f6b3a17b54a86a27d01822ceaae1a4282"},
    {file = "mgrs-1.4.6-cp38-cp38-win_amd64.whl", hash = "sha256:872cf181d4d206f77f7a91faeeeb439b44a531b04e21bbf859ae530ead2e4c57"},
    {file = "mgrs-1.4.6-cp39-cp39-macosx_10_9_x86_64.whl", hash = "sha256:426ed7880254d1d423b8559ca368117122f79822bb2b4034b5bbb7338362b85d"},
    {file = "mgrs-1.4.6-cp39-cp39-macosx_11_0_arm64.whl", hash = "sha256:2b04f97b39873916e101e4faec5756b5e813a17b96389dfb752bbd149e4c07cb"},
    {file = "mgrs-1.4.6-cp39-cp39-manylinux_2_12_i686.manylinux2010_i686.manylinux_2_17_i686.manylinux2014_i686.whl", hash = "sha256:bd4a993642291dc1f39d5125b8d05eefdd242923014cba1c4ffc5ea1940a647d"},
    {file = "mgrs-1.4.6-cp39-cp39-manylinux_2_12_x86_64.manylinux2010_x86_64.manylinux_2_17_x86_64.manylinux2014_x86_64.whl", hash = "sha256:1292e57972a094cc16b0b9c2ada53caa37bfde11b8df8934c4a0b1a5297c2403"},
    {file = "mgrs-1.4.6-cp39-cp39-manylinux_2_17_aarch64.manylinux2014_aarch64.whl", hash = "sha256:d5a4ddc8aeded32e12d485159d54d8c13dd28a07b21f63af3961cac29d38ae1a"},
    {file = "mgrs-1.4.6-cp39-cp39-musllinux_1_1_aarch64.whl", hash = "sha256:f74ee6cdef2a3f63116165fbe6d15c5285c95b38f56bff33d8d4f9aa0cef2f83"},
    {file = "mgrs-1.4.6-cp39-cp39-musllinux_1_1_i686.whl", hash = "sha256:fe7a573ac0f720e95c4c697357451c10b892469abc177799cae19bcdf802190d"},
    {file = "mgrs-1.4.6-cp39-cp39-musllinux_1_1_x86_64.whl", hash = "sha256:82700f1d5e2fa170abf6ecd4e46ae52870cf192ee1d782d8140c5c1d7a78141a"},
    {file = "mgrs-1.4.6-cp39-cp39-win_amd64.whl", hash = "sha256:3317917aca8d0e4dbaf83effb029d12b733aa25d0616d5a4796032fe0a7662ca"},
    {file = "mgrs-1.4.6.tar.gz", hash = "sha256:c9489623eab97a9d38eb2fe563a3e9e813694760ea240d055c49b18ed30a7676"},
]

[package.dependencies]
packaging = "*"

[[package]]
name = "packaging"
version = "23.2"
description = "Core utilities for Python packages"
optional = false
python-versions = ">=3.7"
files = [
    {file = "packaging-23.2-py3-none-any.whl", hash = "sha256:8c491190033a9af7e1d931d0b5dacc2ef47509b34dd0de67ed209b5203fc88c7"},
    {file = "packaging-23.2.tar.gz", hash = "sha256:048fb0e9405036518eaaf48a55953c750c11e1a1b68e0dd1a9d62ed0c092cfc5"},
]

[[package]]
name = "pluggy"
version = "1.4.0"
description = "plugin and hook calling mechanisms for python"
optional = false
python-versions = ">=3.8"
files = [
    {file = "pluggy-1.4.0-py3-none-any.whl", hash = "sha256:7db9f7b503d67d1c5b95f59773ebb58a8c1c288129a88665838012cfb07b8981"},
    {file = "pluggy-1.4.0.tar.gz", hash = "sha256:8c85c2876142a764e5b7548e7d9a0e0ddb46f5185161049a79b7e974454223be"},
]

[package.extras]
dev = ["pre-commit", "tox"]
testing = ["pytest", "pytest-benchmark"]

[[package]]
name = "pytest"
version = "7.4.4"
description = "pytest: simple powerful testing with Python"
optional = false
python-versions = ">=3.7"
files = [
    {file = "pytest-7.4.4-py3-none-any.whl", hash = "sha256:b090cdf5ed60bf4c45261be03239c2c1c22df034fbffe691abe93cd80cea01d8"},
    {file = "pytest-7.4.4.tar.gz", hash = "sha256:2cf0005922c6ace4a3e2ec8b4080eb0d9753fdc93107415332f50ce9e7994280"},
]

[package.dependencies]
colorama = {version = "*", markers = "sys_platform == \"win32\""}
exceptiongroup = {version = ">=1.0.0rc8", markers = "python_version < \"3.11\""}
iniconfig = "*"
packaging = "*"
pluggy = ">=0.12,<2.0"
tomli = {version = ">=1.0.0", markers = "python_version < \"3.11\""}

[package.extras]
testing = ["argcomplete", "attrs (>=19.2.0)", "hypothesis (>=3.56)", "mock", "nose", "pygments (>=2.7.2)", "requests", "setuptools", "xmlschema"]

[[package]]
name = "pyyaml"
version = "6.0.1"
description = "YAML parser and emitter for Python"
optional = false
python-versions = ">=3.6"
files = [
    {file = "PyYAML-6.0.1-cp310-cp310-macosx_10_9_x86_64.whl", hash = "sha256:d858aa552c999bc8a8d57426ed01e40bef403cd8ccdd0fc5f6f04a00414cac2a"},
    {file = "PyYAML-6.0.1-cp310-cp310-macosx_11_0_arm64.whl", hash = "sha256:fd66fc5d0da6d9815ba2cebeb4205f95818ff4b79c3ebe268e75d961704af52f"},
    {file = "PyYAML-6.0.1-cp310-cp310-manylinux_2_17_aarch64.manylinux2014_aarch64.whl", hash = "sha256:69b023b2b4daa7548bcfbd4aa3da05b3a74b772db9e23b982788168117739938"},
    {file = "PyYAML-6.0.1-cp310-cp310-manylinux_2_17_s390x.manylinux2014_s390x.whl", hash = "sha256:81e0b275a9ecc9c0c0c07b4b90ba548307583c125f54d5b6946cfee6360c733d"},
    {file = "PyYAML-6.0.1-cp310-cp310-manylinux_2_17_x86_64.manylinux2014_x86_64.whl", hash = "sha256:ba336e390cd8e4d1739f42dfe9bb83a3cc2e80f567d8805e11b46f4a943f5515"},
    {file = "PyYAML-6.0.1-cp310-cp310-musllinux_1_1_x86_64.whl", hash = "sha256:326c013efe8048858a6d312ddd31d56e468118ad4cdeda36c719bf5bb6192290"},
    {file = "PyYAML-6.0.1-cp310-cp310-win32.whl", hash = "sha256:bd4af7373a854424dabd882decdc5579653d7868b8fb26dc7d0e99f823aa5924"},
    {file = "PyYAML-6.0.1-cp310-cp310-win_amd64.whl", hash = "sha256:fd1592b3fdf65fff2ad0004b5e363300ef59ced41c2e6b3a99d4089fa8c5435d"},
    {file = "PyYAML-6.0.1-cp311-cp311-macosx_10_9_x86_64.whl", hash = "sha256:6965a7bc3cf88e5a1c3bd2e0b5c22f8d677dc88a455344035f03399034eb3007"},
    {file = "PyYAML-6.0.1-cp311-cp311-macosx_11_0_arm64.whl", hash = "sha256:f003ed9ad21d6a4713f0a9b5a7a0a79e08dd0f221aff4525a2be4c346ee60aab"},
    {file = "PyYAML-6.0.1-cp311-cp311-manylinux_2_17_aarch64.manylinux2014_aarch64.whl", hash = "sha256:42f8152b8dbc4fe7d96729ec2b99c7097d656dc1213a3229ca5383f973a5ed6d"},
    {file = "PyYAML-6.0.1-cp311-cp311-manylinux_2_17_s390x.manylinux2014_s390x.whl", hash = "sha256:062582fca9fabdd2c8b54a3ef1c978d786e0f6b3a1510e0ac93ef59e0ddae2bc"},
    {file = "PyYAML-6.0.1-cp311-cp311-manylinux_2_17_x86_64.manylinux2014_x86_64.whl", hash = "sha256:d2b04aac4d386b172d5b9692e2d2da8de7bfb6c387fa4f801fbf6fb2e6ba4673"},
    {file = "PyYAML-6.0.1-cp311-cp311-musllinux_1_1_x86_64.whl", hash = "sha256:e7d73685e87afe9f3b36c799222440d6cf362062f78be1013661b00c5c6f678b"},
    {file = "PyYAML-6.0.1-cp311-cp311-win32.whl", hash = "sha256:1635fd110e8d85d55237ab316b5b011de701ea0f29d07611174a1b42f1444741"},
    {file = "PyYAML-6.0.1-cp311-cp311-win_amd64.whl", hash = "sha256:bf07ee2fef7014951eeb99f56f39c9bb4af143d8aa3c21b1677805985307da34"},
    {file = "PyYAML-6.0.1-cp312-cp312-macosx_10_9_x86_64.whl", hash = "sha256:855fb52b0dc35af121542a76b9a84f8d1cd886ea97c84703eaa6d88e37a2ad28"},
    {file = "PyYAML-6.0.1-cp312-cp312-macosx_11_0_arm64.whl", hash = "sha256:40df9b996c2b73138957fe23a16a4f0ba614f4c0efce1e9406a184b6d07fa3a9"},
    {file = "PyYAML-6.0.1-cp312-cp312-manylinux_2_17_aarch64.manylinux2014_aarch64.whl", hash = "sha256:a08c6f0fe150303c1c6b71ebcd7213c2858041a7e01975da3a99aed1e7a378ef"},
    {file = "PyYAML-6.0.1-cp312-cp312-manylinux_2_17_x86_64.manylinux2014_x86_64.whl", hash = "sha256:6c22bec3fbe2524cde73d7ada88f6566758a8f7227bfbf93a408a9d86bcc12a0"},
    {file = "PyYAML-6.0.1-cp312-cp312-musllinux_1_1_x86_64.whl", hash = "sha256:8d4e9c88387b0f5c7d5f281e55304de64cf7f9c0021a3525bd3b1c542da3b0e4"},
    {file = "PyYAML-6.0.1-cp312-cp312-win32.whl", hash = "sha256:d483d2cdf104e7c9fa60c544d92981f12ad66a457afae824d146093b8c294c54"},
    {file = "PyYAML-6.0.1-cp312-cp312-win_amd64.whl", hash = "sha256:0d3304d8c0adc42be59c5f8a4d9e3d7379e6955ad754aa9d6ab7a398b59dd1df"},
    {file = "PyYAML-6.0.1-cp36-cp36m-macosx_10_9_x86_64.whl", hash = "sha256:50550eb667afee136e9a77d6dc71ae76a44df8b3e51e41b77f6de2932bfe0f47"},
    {file = "PyYAML-6.0.1-cp36-cp36m-manylinux_2_17_aarch64.manylinux2014_aarch64.whl", hash = "sha256:1fe35611261b29bd1de0070f0b2f47cb6ff71fa6595c077e42bd0c419fa27b98"},
    {file = "PyYAML-6.0.1-cp36-cp36m-manylinux_2_17_s390x.manylinux2014_s390x.whl", hash = "sha256:704219a11b772aea0d8ecd7058d0082713c3562b4e271b849ad7dc4a5c90c13c"},
    {file = "PyYAML-6.0.1-cp36-cp36m-manylinux_2_17_x86_64.manylinux2014_x86_64.whl", hash = "sha256:afd7e57eddb1a54f0f1a974bc4391af8bcce0b444685d936840f125cf046d5bd"},
    {file = "PyYAML-6.0.1-cp36-cp36m-win32.whl", hash = "sha256:fca0e3a251908a499833aa292323f32437106001d436eca0e6e7833256674585"},
    {file = "PyYAML-6.0.1-cp36-cp36m-win_amd64.whl", hash = "sha256:f22ac1c3cac4dbc50079e965eba2c1058622631e526bd9afd45fedd49ba781fa"},
    {file = "PyYAML-6.0.1-cp37-cp37m-macosx_10_9_x86_64.whl", hash = "sha256:b1275ad35a5d18c62a7220633c913e1b42d44b46ee12554e5fd39c70a243d6a3"},
    {file = "PyYAML-6.0.1-cp37-cp37m-manylinux_2_17_aarch64.manylinux2014_aarch64.whl", hash = "sha256:18aeb1bf9a78867dc38b259769503436b7c72f7a1f1f4c93ff9a17de54319b27"},
    {file = "PyYAML-6.0.1-cp37-cp37m-manylinux_2_17_s390x.manylinux2014_s390x.whl", hash = "sha256:596106435fa6ad000c2991a98fa58eeb8656ef2325d7e158344fb33864ed87e3"},
    {file = "PyYAML-6.0.1-cp37-cp37m-manylinux_2_17_x86_64.manylinux2014_x86_64.whl", hash = "sha256:baa90d3f661d43131ca170712d903e6295d1f7a0f595074f151c0aed377c9b9c"},
    {file = "PyYAML-6.0.1-cp37-cp37m-win32.whl", hash = "sha256:9046c58c4395dff28dd494285c82ba00b546adfc7ef001486fbf0324bc174fba"},
    {file = "PyYAML-6.0.1-cp37-cp37m-win_amd64.whl", hash = "sha256:4fb147e7a67ef577a588a0e2c17b6db51dda102c71de36f8549b6816a96e1867"},
    {file = "PyYAML-6.0.1-cp38-cp38-macosx_10_9_x86_64.whl", hash = "sha256:1d4c7e777c441b20e32f52bd377e0c409713e8bb1386e1099c2415f26e479595"},
    {file = "PyYAML-6.0.1-cp38-cp38-manylinux_2_17_aarch64.manylinux2014_aarch64.whl", hash = "sha256:a0cd17c15d3bb3fa06978b4e8958dcdc6e0174ccea823003a106c7d4d7899ac5"},
    {file = "PyYAML-6.0.1-cp38-cp38-manylinux_2_17_s390x.manylinux2014_s390x.whl", hash = "sha256:28c119d996beec18c05208a8bd78cbe4007878c6dd15091efb73a30e90539696"},
    {file = "PyYAML-6.0.1-cp38-cp38-manylinux_2_17_x86_64.manylinux2014_x86_64.whl", hash = "sha256:7e07cbde391ba96ab58e532ff4803f79c4129397514e1413a7dc761ccd755735"},
    {file = "PyYAML-6.0.1-cp38-cp38-musllinux_1_1_x86_64.whl", hash = "sha256:49a183be227561de579b4a36efbb21b3eab9651dd81b1858589f796549873dd6"},
    {file = "PyYAML-6.0.1-cp38-cp38-win32.whl", hash = "sha256:184c5108a2aca3c5b3d3bf9395d50893a7ab82a38004c8f61c258d4428e80206"},
    {file = "PyYAML-6.0.1-cp38-cp38-win_amd64.whl", hash = "sha256:1e2722cc9fbb45d9b87631ac70924c11d3a401b2d7f410cc0e3bbf249f2dca62"},
    {file = "PyYAML-6.0.1-cp39-cp39-macosx_10_9_x86_64.whl", hash = "sha256:9eb6caa9a297fc2c2fb8862bc5370d0303ddba53ba97e71f08023b6cd73d16a8"},
    {file = "PyYAML-6.0.1-cp39-cp39-macosx_11_0_arm64.whl", hash = "sha256:c8098ddcc2a85b61647b2590f825f3db38891662cfc2fc776415143f599bb859"},
    {file = "PyYAML-6.0.1-cp39-cp39-manylinux_2_17_aarch64.manylinux2014_aarch64.whl", hash = "sha256:5773183b6446b2c99bb77e77595dd486303b4faab2b086e7b17bc6bef28865f6"},
    {file = "PyYAML-6.0.1-cp39-cp39-manylinux_2_17_s390x.manylinux2014_s390x.whl", hash = "sha256:b786eecbdf8499b9ca1d697215862083bd6d2a99965554781d0d8d1ad31e13a0"},
    {file = "PyYAML-6.0.1-cp39-cp39-manylinux_2_17_x86_64.manylinux2014_x86_64.whl", hash = "sha256:bc1bf2925a1ecd43da378f4db9e4f799775d6367bdb94671027b73b393a7c42c"},
    {file = "PyYAML-6.0.1-cp39-cp39-musllinux_1_1_x86_64.whl", hash = "sha256:04ac92ad1925b2cff1db0cfebffb6ffc43457495c9b3c39d3fcae417d7125dc5"},
    {file = "PyYAML-6.0.1-cp39-cp39-win32.whl", hash = "sha256:faca3bdcf85b2fc05d06ff3fbc1f83e1391b3e724afa3feba7d13eeab355484c"},
    {file = "PyYAML-6.0.1-cp39-cp39-win_amd64.whl", hash = "sha256:510c9deebc5c0225e8c96813043e62b680ba2f9c50a08d3724c7f28a747d1486"},
    {file = "PyYAML-6.0.1.tar.gz", hash = "sha256:bfdf460b1736c775f2ba9f6a92bca30bc2095067b8a9d77876d1fad6cc3b4a43"},
]

[[package]]
name = "tomli"
version = "2.0.1"
description = "A lil' TOML parser"
optional = false
python-versions = ">=3.7"
files = [
    {file = "tomli-2.0.1-py3-none-any.whl", hash = "sha256:939de3e7a6161af0c887ef91b7d41a53e7c5a1ca976325f429cb46ea9bc30ecc"},
    {file = "tomli-2.0.1.tar.gz", hash = "sha256:de526c12914f0c550d15924c62d72abc48d6fe7364aa87328337a31007fe8a4f"},
]

[[package]]
name = "tqdm"
version = "4.66.2"
description = "Fast, Extensible Progress Meter"
optional = false
python-versions = ">=3.7"
files = [
    {file = "tqdm-4.66.2-py3-none-any.whl", hash = "sha256:1ee4f8a893eb9bef51c6e35730cebf234d5d0b6bd112b0271e10ed7c24a02bd9"},
    {file = "tqdm-4.66.2.tar.gz", hash = "sha256:6cd52cdf0fef0e0f543299cfc96fec90d7b8a7e88745f411ec33eb44d5ed3531"},
]

[package.dependencies]
colorama = {version = "*", markers = "platform_system == \"Windows\""}

[package.extras]
dev = ["pytest (>=6)", "pytest-cov", "pytest-timeout", "pytest-xdist"]
notebook = ["ipywidgets (>=6)"]
slack = ["slack-sdk"]
telegram = ["requests"]

[[package]]
name = "utm"
version = "0.7.0"
description = "Bidirectional UTM-WGS84 converter for python"
optional = false
python-versions = "*"
files = [
    {file = "utm-0.7.0.tar.gz", hash = "sha256:3c9a3650e98bb6eecec535418d0dfd4db8f88c8ceaca112a0ff0787e116566e2"},
]

[metadata]
lock-version = "2.0"
python-versions = "^3.8"
content-hash = "aaebbef2c1ad6008e7270179f32d278b5db2af6f67700329edfc8cb940e2c541"
